{
  "pins" : [
    {
      "identity" : "combineext",
      "kind" : "remoteSourceControl",
      "location" : "https://github.com/CombineCommunity/CombineExt.git",
      "state" : {
        "revision" : "581849239060948b626d1173eb0e5926818e7f8c",
        "version" : "1.7.0"
      }
    },
    {
      "identity" : "kingfisher",
      "kind" : "remoteSourceControl",
      "location" : "https://github.com/onevcat/Kingfisher",
      "state" : {
        "revision" : "2235a22ca249199cb736237f4bb9cc12b6ed416a",
        "version" : "7.3.0"
      }
    }
  ],
  "version" : 2
}
